// !$*UTF8*$!
{
	archiveVersion = 1;
	classes = {
	};
	objectVersion = 77;
	objects = {

/* Begin PBXBuildFile section */
		624E6CE614946F8271DCA3C9 /* AccordionListView.swift in Sources */ = {isa = PBXBuildFile; fileRef = C80F02C6E058D0B7796652D0 /* AccordionListView.swift */; };
		89406BCE8752DA1FDC47D478 /* NumericKeypadView.swift in Sources */ = {isa = PBXBuildFile; fileRef = D3E10D716DFAE955E1DB3199 /* NumericKeypadView.swift */; };
		9CB189EECED736DD96065034 /* ContentView.swift in Sources */ = {isa = PBXBuildFile; fileRef = D51CD87F3F9CDC532ED31FE1 /* ContentView.swift */; };
		CFBCF8E51482D0EDA32FE0AA /* Theme.swift in Sources */ = {isa = PBXBuildFile; fileRef = FB7252413C13A4167713E47C /* Theme.swift */; };
		D57FEDD186362C287CE097B0 /* GymBroSwiftSpikeApp.swift in Sources */ = {isa = PBXBuildFile; fileRef = 582078C41E1796E98712761A /* GymBroSwiftSpikeApp.swift */; };
/* End PBXBuildFile section */

/* Begin PBXFileReference section */
		582078C41E1796E98712761A /* GymBroSwiftSpikeApp.swift */ = {isa = PBXFileReference; lastKnownFileType = sourcecode.swift; path = GymBroSwiftSpikeApp.swift; sourceTree = "<group>"; };
		6BF9B988E2E67833E270A45B /* GymBroSwiftSpike.app */ = {isa = PBXFileReference; explicitFileType = wrapper.application; includeInIndex = 0; path = GymBroSwiftSpike.app; sourceTree = BUILT_PRODUCTS_DIR; };
		C80F02C6E058D0B7796652D0 /* AccordionListView.swift */ = {isa = PBXFileReference; lastKnownFileType = sourcecode.swift; path = AccordionListView.swift; sourceTree = "<group>"; };
		D3E10D716DFAE955E1DB3199 /* NumericKeypadView.swift */ = {isa = PBXFileReference; lastKnownFileType = sourcecode.swift; path = NumericKeypadView.swift; sourceTree = "<group>"; };
		D51CD87F3F9CDC532ED31FE1 /* ContentView.swift */ = {isa = PBXFileReference; lastKnownFileType = sourcecode.swift; path = ContentView.swift; sourceTree = "<group>"; };
		EE89AE45892853748F96DE4D /* Info.plist */ = {isa = PBXFileReference; lastKnownFileType = text.plist; path = Info.plist; sourceTree = "<group>"; };
		FB7252413C13A4167713E47C /* Theme.swift */ = {isa = PBXFileReference; lastKnownFileType = sourcecode.swift; path = Theme.swift; sourceTree = "<group>"; };
/* End PBXFileReference section */

/* Begin PBXGroup section */
		111A67A4B551C0C6F51C8420 /* Products */ = {
			isa = PBXGroup;
			children = (
				6BF9B988E2E67833E270A45B /* GymBroSwiftSpike.app */,
			);
			name = Products;
			sourceTree = "<group>";
		};
		747D5AA77671CBCD5C142A4E /* Sources */ = {
			isa = PBXGroup;
			children = (
				C80F02C6E058D0B7796652D0 /* AccordionListView.swift */,
				D51CD87F3F9CDC532ED31FE1 /* ContentView.swift */,
				582078C41E1796E98712761A /* GymBroSwiftSpikeApp.swift */,
				EE89AE45892853748F96DE4D /* Info.plist */,
				D3E10D716DFAE955E1DB3199 /* NumericKeypadView.swift */,
				FB7252413C13A4167713E47C /* Theme.swift */,
			);
			path = Sources;
			sourceTree = "<group>";
		};
		B672A048A606E89A009032FA = {
			isa = PBXGroup;
			children = (
				747D5AA77671CBCD5C142A4E /* Sources */,
				111A67A4B551C0C6F51C8420 /* Products */,
			);
			sourceTree = "<group>";
		};
/* End PBXGroup section */

/* Begin PBXNativeTarget section */
		54F81660AAEED6144DF05A18 /* GymBroSwiftSpike */ = {
			isa = PBXNativeTarget;
			buildConfigurationList = 19F300AACCF338B4F7D40B9C /* Build configuration list for PBXNativeTarget "GymBroSwiftSpike" */;
			buildPhases = (
				4DF0037BC1D87502F9F6BDC2 /* Sources */,
			);
			buildRules = (
			);
			dependencies = (
			);
			name = GymBroSwiftSpike;
			packageProductDependencies = (
			);
			productName = GymBroSwiftSpike;
			productReference = 6BF9B988E2E67833E270A45B /* GymBroSwiftSpike.app */;
			productType = "com.apple.product-type.application";
		};
/* End PBXNativeTarget section */

/* Begin PBXProject section */
		3098F53253E68870499490AB /* Project object */ = {
			isa = PBXProject;
			attributes = {
				BuildIndependentTargetsInParallel = YES;
				LastUpgradeCheck = 1430;
				TargetAttributes = {
					54F81660AAEED6144DF05A18 = {
						ProvisioningStyle = Automatic;
					};
				};
			};
			buildConfigurationList = 6C988C208D9B368F08416CC2 /* Build configuration list for PBXProject "GymBroSwiftSpike" */;
			developmentRegion = en;
			hasScannedForEncodings = 0;
			knownRegions = (
				Base,
				en,
			);
			mainGroup = B672A048A606E89A009032FA;
			minimizedProjectReferenceProxies = 1;
			preferredProjectObjectVersion = 77;
			productRefGroup = 111A67A4B551C0C6F51C8420 /* Products */;
			projectDirPath = "";
			projectRoot = "";
			targets = (
				54F81660AAEED6144DF05A18 /* GymBroSwiftSpike */,
			);
		};
/* End PBXProject section */

/* Begin PBXSourcesBuildPhase section */
		4DF0037BC1D87502F9F6BDC2 /* Sources */ = {
			isa = PBXSourcesBuildPhase;
			buildActionMask = 2147483647;
			files = (
				624E6CE614946F8271DCA3C9 /* AccordionListView.swift in Sources */,
				9CB189EECED736DD96065034 /* ContentView.swift in Sources */,
				D57FEDD186362C287CE097B0 /* GymBroSwiftSpikeApp.swift in Sources */,
				89406BCE8752DA1FDC47D478 /* NumericKeypadView.swift in Sources */,
				CFBCF8E51482D0EDA32FE0AA /* Theme.swift in Sources */,
			);
			runOnlyForDeploymentPostprocessing = 0;
		};
/* End PBXSourcesBuildPhase section */

/* Begin XCBuildConfiguration section */
		04FBF746D108A435672BA09E /* Debug */ = {
			isa = XCBuildConfiguration;
			buildSettings = {
				ASSETCATALOG_COMPILER_APPICON_NAME = AppIcon;
				CODE_SIGN_IDENTITY = "iPhone Developer";
				CODE_SIGN_STYLE = Automatic;
				DEVELOPMENT_TEAM = 4J8529PB76;
				INFOPLIST_FILE = Sources/Info.plist;
				LD_RUNPATH_SEARCH_PATHS = (
					"$(inherited)",
					"@executable_path/Frameworks",
				);
				PRODUCT_BUNDLE_IDENTIFIER = com.nikhilnathwani.spike.GymBroSwiftSpike;
				SDKROOT = iphoneos;
				SWIFT_VERSION = 5.0;
				TARGETED_DEVICE_FAMILY = 1;
			};
			name = Debug;
		};
		1F42C1AD607436980EC8EBA8 /* Release */ = {
			isa = XCBuildConfiguration;
			buildSettings = {
				ASSETCATALOG_COMPILER_APPICON_NAME = AppIcon;
				CODE_SIGN_IDENTITY = "iPhone Developer";
				CODE_SIGN_STYLE = Automatic;
				DEVELOPMENT_TEAM = 4J8529PB76;
				INFOPLIST_FILE = Sources/Info.plist;
				LD_RUNPATH_SEARCH_PATHS = (
					"$(inherited)",
					"@executable_path/Frameworks",
				);
				PRODUCT_BUNDLE_IDENTIFIER = com.nikhilnathwani.spike.GymBroSwiftSpike;
				SDKROOT = iphoneos;
				SWIFT_VERSION = 5.0;
				TARGETED_DEVICE_FAMILY = 1;
			};
			name = Release;
		};
		53286BD0AF7EF7EC9E5D7A70 /* Debug */ = {
			isa = XCBuildConfiguration;
			buildSettings = {
				ALWAYS_SEARCH_USER_PATHS = NO;
				CLANG_ANALYZER_NONNULL = YES;
				CLANG_ANALYZER_NUMBER_OBJECT_CONVERSION = YES_AGGRESSIVE;
				CLANG_CXX_LANGUAGE_STANDARD = "gnu++14";
				CLANG_CXX_LIBRARY = "libc++";
				CLANG_ENABLE_MODULES = YES;
				CLANG_ENABLE_OBJC_ARC = YES;
				CLANG_ENABLE_OBJC_WEAK = YES;
				CLANG_WARN_BLOCK_CAPTURE_AUTORELEASING = YES;
				CLANG_WARN_BOOL_CONVERSION = YES;
				CLANG_WARN_COMMA = YES;
				CLANG_WARN_CONSTANT_CONVERSION = YES;
				CLANG_WARN_DEPRECATED_OBJC_IMPLEMENTATIONS = YES;
				CLANG_WARN_DIRECT_OBJC_ISA_USAGE = YES_ERROR;
				CLANG_WARN_DOCUMENTATION_COMMENTS = YES;
				CLANG_WARN_EMPTY_BODY = YES;
				CLANG_WARN_ENUM_CONVERSION = YES;
				CLANG_WARN_INFINITE_RECURSION = YES;
				CLANG_WARN_INT_CONVERSION = YES;
				CLANG_WARN_NON_LITERAL_NULL_CONVERSION = YES;
				CLANG_WARN_OBJC_IMPLICIT_RETAIN_SELF = YES;
				CLANG_WARN_OBJC_LITERAL_CONVERSION = YES;
				CLANG_WARN_OBJC_ROOT_CLASS = YES_ERROR;
				CLANG_WARN_QUOTED_INCLUDE_IN_FRAMEWORK_HEADER = YES;
				CLANG_WARN_RANGE_LOOP_ANALYSIS = YES;
				CLANG_WARN_STRICT_PROTOTYPES = YES;
				CLANG_WARN_SUSPICIOUS_MOVE = YES;
				CLANG_WARN_UNGUARDED_AVAILABILITY = YES_AGGRESSIVE;
				CLANG_WARN_UNREACHABLE_CODE = YES;
				CLANG_WARN__DUPLICATE_METHOD_MATCH = YES;
				COPY_PHASE_STRIP = NO;
				DEBUG_INFORMATION_FORMAT = dwarf;
				ENABLE_STRICT_OBJC_MSGSEND = YES;
				ENABLE_TESTABILITY = YES;
				GCC_C_LANGUAGE_STANDARD = gnu11;
				GCC_DYNAMIC_NO_PIC = NO;
				GCC_NO_COMMON_BLOCKS = YES;
				GCC_OPTIMIZATION_LEVEL = 0;
				GCC_PREPROCESSOR_DEFINITIONS = (
					"$(inherited)",
					"DEBUG=1",
				);
				GCC_WARN_64_TO_32_BIT_CONVERSION = YES;
				GCC_WARN_ABOUT_RETURN_TYPE = YES_ERROR;
				GCC_WARN_UNDECLARED_SELECTOR = YES;
				GCC_WARN_UNINITIALIZED_AUTOS = YES_AGGRESSIVE;
				GCC_WARN_UNUSED_FUNCTION = YES;
				GCC_WARN_UNUSED_VARIABLE = YES;
				IPHONEOS_DEPLOYMENT_TARGET = 17.0;
				MTL_ENABLE_DEBUG_INFO = INCLUDE_SOURCE;
				MTL_FAST_MATH = YES;
				ONLY_ACTIVE_ARCH = YES;
				PRODUCT_NAME = "$(TARGET_NAME)";
				SDKROOT = iphoneos;
				SWIFT_ACTIVE_COMPILATION_CONDITIONS = DEBUG;
				SWIFT_OPTIMIZATION_LEVEL = "-Onone";
				SWIFT_VERSION = 5.0;
			};
			name = Debug;
		};
		88D76565CCA9370E337A0B43 /* Release */ = {
			isa = XCBuildConfiguration;
			buildSettings = {
				ALWAYS_SEARCH_USER_PATHS = NO;
				CLANG_ANALYZER_NONNULL = YES;
				CLANG_ANALYZER_NUMBER_OBJECT_CONVERSION = YES_AGGRESSIVE;
				CLANG_CXX_LANGUAGE_STANDARD = "gnu++14";
				CLANG_CXX_LIBRARY = "libc++";
				CLANG_ENABLE_MODULES = YES;
				CLANG_ENABLE_OBJC_ARC = YES;
				CLANG_ENABLE_OBJC_WEAK = YES;
				CLANG_WARN_BLOCK_CAPTURE_AUTORELEASING = YES;
				CLANG_WARN_BOOL_CONVERSION = YES;
				CLANG_WARN_COMMA = YES;
				CLANG_WARN_CONSTANT_CONVERSION = YES;
				CLANG_WARN_DEPRECATED_OBJC_IMPLEMENTATIONS = YES;
				CLANG_WARN_DIRECT_OBJC_ISA_USAGE = YES_ERROR;
				CLANG_WARN_DOCUMENTATION_COMMENTS = YES;
				CLANG_WARN_EMPTY_BODY = YES;
				CLANG_WARN_ENUM_CONVERSION = YES;
				CLANG_WARN_INFINITE_RECURSION = YES;
				CLANG_WARN_INT_CONVERSION = YES;
				CLANG_WARN_NON_LITERAL_NULL_CONVERSION = YES;
				CLANG_WARN_OBJC_IMPLICIT_RETAIN_SELF = YES;
				CLANG_WARN_OBJC_LITERAL_CONVERSION = YES;
				CLANG_WARN_OBJC_ROOT_CLASS = YES_ERROR;
				CLANG_WARN_QUOTED_INCLUDE_IN_FRAMEWORK_HEADER = YES;
				CLANG_WARN_RANGE_LOOP_ANALYSIS = YES;
				CLANG_WARN_STRICT_PROTOTYPES = YES;
				CLANG_WARN_SUSPICIOUS_MOVE = YES;
				CLANG_WARN_UNGUARDED_AVAILABILITY = YES_AGGRESSIVE;
				CLANG_WARN_UNREACHABLE_CODE = YES;
				CLANG_WARN__DUPLICATE_METHOD_MATCH = YES;
				COPY_PHASE_STRIP = NO;
				DEBUG_INFORMATION_FORMAT = "dwarf-with-dsym";
				ENABLE_NS_ASSERTIONS = NO;
				ENABLE_STRICT_OBJC_MSGSEND = YES;
				GCC_C_LANGUAGE_STANDARD = gnu11;
				GCC_NO_COMMON_BLOCKS = YES;
				GCC_WARN_64_TO_32_BIT_CONVERSION = YES;
				GCC_WARN_ABOUT_RETURN_TYPE = YES_ERROR;
				GCC_WARN_UNDECLARED_SELECTOR = YES;
				GCC_WARN_UNINITIALIZED_AUTOS = YES_AGGRESSIVE;
				GCC_WARN_UNUSED_FUNCTION = YES;
				GCC_WARN_UNUSED_VARIABLE = YES;
				IPHONEOS_DEPLOYMENT_TARGET = 17.0;
				MTL_ENABLE_DEBUG_INFO = NO;
				MTL_FAST_MATH = YES;
				PRODUCT_NAME = "$(TARGET_NAME)";
				SDKROOT = iphoneos;
				SWIFT_COMPILATION_MODE = wholemodule;
				SWIFT_OPTIMIZATION_LEVEL = "-O";
				SWIFT_VERSION = 5.0;
			};
			name = Release;
		};
/* End XCBuildConfiguration section */

/* Begin XCConfigurationList section */
		19F300AACCF338B4F7D40B9C /* Build configuration list for PBXNativeTarget "GymBroSwiftSpike" */ = {
			isa = XCConfigurationList;
			buildConfigurations = (
				04FBF746D108A435672BA09E /* Debug */,
				1F42C1AD607436980EC8EBA8 /* Release */,
			);
			defaultConfigurationIsVisible = 0;
			defaultConfigurationName = Debug;
		};
		6C988C208D9B368F08416CC2 /* Build configuration list for PBXProject "GymBroSwiftSpike" */ = {
			isa = XCConfigurationList;
			buildConfigurations = (
				53286BD0AF7EF7EC9E5D7A70 /* Debug */,
				88D76565CCA9370E337A0B43 /* Release */,
			);
			defaultConfigurationIsVisible = 0;
			defaultConfigurationName = Debug;
		};
/* End XCConfigurationList section */
	};
	rootObject = 3098F53253E68870499490AB /* Project object */;
}
