// !$*UTF8*$!
{
	archiveVersion = 1;
	classes = {
	};
	objectVersion = 77;
	objects = {

/* Begin PBXBuildFile section */
		039748CCA76EA3C6405A2068 /* AppRoute.swift in Sources */ = {isa = PBXBuildFile; fileRef = A573701ADD0E291F5D9F4C2D /* AppRoute.swift */; };
		07889FF7A324C01FF785908B /* NewExerciseView.swift in Sources */ = {isa = PBXBuildFile; fileRef = DEC4184E2246AC596DE951FB /* NewExerciseView.swift */; };
		16BF14ECD0CC43E488B99F55 /* AddExerciseToRoutineSheet.swift in Sources */ = {isa = PBXBuildFile; fileRef = 91DCAF33CE692D24ADFD61D4 /* AddExerciseToRoutineSheet.swift */; };
		1C8FF87B3AFED37AFF9FFEF5 /* RootView.swift in Sources */ = {isa = PBXBuildFile; fileRef = DF6D20D3F25C2F96BB901301 /* RootView.swift */; };
		1E3126C4196BFC6871A8DD02 /* ExerciseLogController.swift in Sources */ = {isa = PBXBuildFile; fileRef = B30A6CA5A93974E8B0B8A373 /* ExerciseLogController.swift */; };
		3455B777E9131FC70202DA37 /* ExerciseLibraryView.swift in Sources */ = {isa = PBXBuildFile; fileRef = DB44D8A4B504C209EE230997 /* ExerciseLibraryView.swift */; };
		3A39B646A246872CFC5F52A6 /* WorkoutSessionView.swift in Sources */ = {isa = PBXBuildFile; fileRef = 1236F9C7761F4DA2F489005E /* WorkoutSessionView.swift */; };
		4A89A71895AA33FCE1D66169 /* ExerciseDetailView.swift in Sources */ = {isa = PBXBuildFile; fileRef = 50A267584A3DC4AD30E1B89F /* ExerciseDetailView.swift */; };
		57B02890F55D8F6FBEADB7D0 /* SupabaseService.swift in Sources */ = {isa = PBXBuildFile; fileRef = 80D2CBF540BF066276DABAAE /* SupabaseService.swift */; };
		82FB4FEAC4A1A668607AFCB6 /* RoutinesListView.swift in Sources */ = {isa = PBXBuildFile; fileRef = 8E8632E2FD7E016C12D979A3 /* RoutinesListView.swift */; };
		9346B9D39D5F1CE11DA63F09 /* GymLogApp.swift in Sources */ = {isa = PBXBuildFile; fileRef = A2990C4C02EEC369167D3777 /* GymLogApp.swift */; };
		94EF6F1BD74D472FB701D556 /* Styles.swift in Sources */ = {isa = PBXBuildFile; fileRef = 54969D4ADBF373F716324638 /* Styles.swift */; };
		A24B4F0135484F44D2B913E7 /* GymLogSmokeTests.swift in Sources */ = {isa = PBXBuildFile; fileRef = DA5809607ADFF55B5DD6A829 /* GymLogSmokeTests.swift */; };
		A2778F8D0F4C5EC14CCC5EA9 /* Models.swift in Sources */ = {isa = PBXBuildFile; fileRef = CCE5B7C8A9F6B7C1A069590B /* Models.swift */; };
		A4DE49DD1D5D75BD5D027328 /* RoutineLetter.swift in Sources */ = {isa = PBXBuildFile; fileRef = 25D5D96665ED8CB69CC06F0C /* RoutineLetter.swift */; };
		B0BF6F2C71532DFA58A365B6 /* RoutineDetailView.swift in Sources */ = {isa = PBXBuildFile; fileRef = 3C1981447FB06EEEFB0338B0 /* RoutineDetailView.swift */; };
		B7975610BEA14C15172EAA20 /* AssignExercisePickerView.swift in Sources */ = {isa = PBXBuildFile; fileRef = 4D654E84FA55E83793E7499D /* AssignExercisePickerView.swift */; };
		C539B01B5DEB1E9303977B97 /* HistoryEntryView.swift in Sources */ = {isa = PBXBuildFile; fileRef = BC2D28CA49B205D2877BA1E3 /* HistoryEntryView.swift */; };
		E272DE6FA6C57CD27C93D295 /* ExerciseLoggingViews.swift in Sources */ = {isa = PBXBuildFile; fileRef = 2F7BFCFC533A3E6B46CF23ED /* ExerciseLoggingViews.swift */; };
		ED910433598F1E0697A01A6F /* Assets.xcassets in Resources */ = {isa = PBXBuildFile; fileRef = 4A96511255767956A18755A5 /* Assets.xcassets */; };
		F4285B49C9E4DA69ADF51456 /* Supabase in Frameworks */ = {isa = PBXBuildFile; productRef = ACD3DD01F94112DFCD56FCE2 /* Supabase */; };
/* End PBXBuildFile section */

/* Begin PBXContainerItemProxy section */
		40D34CCB8A7649F99DEEF782 /* PBXContainerItemProxy */ = {
			isa = PBXContainerItemProxy;
			containerPortal = 603D7722CBD262630C74AE51 /* Project object */;
			proxyType = 1;
			remoteGlobalIDString = F3E1764F4BC6D867599A372E;
			remoteInfo = GymLog;
		};
/* End PBXContainerItemProxy section */

/* Begin PBXFileReference section */
		1236F9C7761F4DA2F489005E /* WorkoutSessionView.swift */ = {isa = PBXFileReference; lastKnownFileType = sourcecode.swift; path = WorkoutSessionView.swift; sourceTree = "<group>"; };
		25D5D96665ED8CB69CC06F0C /* RoutineLetter.swift */ = {isa = PBXFileReference; lastKnownFileType = sourcecode.swift; path = RoutineLetter.swift; sourceTree = "<group>"; };
		2F7BFCFC533A3E6B46CF23ED /* ExerciseLoggingViews.swift */ = {isa = PBXFileReference; lastKnownFileType = sourcecode.swift; path = ExerciseLoggingViews.swift; sourceTree = "<group>"; };
		3C1981447FB06EEEFB0338B0 /* RoutineDetailView.swift */ = {isa = PBXFileReference; lastKnownFileType = sourcecode.swift; path = RoutineDetailView.swift; sourceTree = "<group>"; };
		4A96511255767956A18755A5 /* Assets.xcassets */ = {isa = PBXFileReference; lastKnownFileType = folder.assetcatalog; path = Assets.xcassets; sourceTree = "<group>"; };
		4D654E84FA55E83793E7499D /* AssignExercisePickerView.swift */ = {isa = PBXFileReference; lastKnownFileType = sourcecode.swift; path = AssignExercisePickerView.swift; sourceTree = "<group>"; };
		50A267584A3DC4AD30E1B89F /* ExerciseDetailView.swift */ = {isa = PBXFileReference; lastKnownFileType = sourcecode.swift; path = ExerciseDetailView.swift; sourceTree = "<group>"; };
		54969D4ADBF373F716324638 /* Styles.swift */ = {isa = PBXFileReference; lastKnownFileType = sourcecode.swift; path = Styles.swift; sourceTree = "<group>"; };
		80D2CBF540BF066276DABAAE /* SupabaseService.swift */ = {isa = PBXFileReference; lastKnownFileType = sourcecode.swift; path = SupabaseService.swift; sourceTree = "<group>"; };
		84C6A4A9793B4AE729076DB1 /* GymLogUITests.xctest */ = {isa = PBXFileReference; includeInIndex = 0; lastKnownFileType = wrapper.cfbundle; path = GymLogUITests.xctest; sourceTree = BUILT_PRODUCTS_DIR; };
		8E8632E2FD7E016C12D979A3 /* RoutinesListView.swift */ = {isa = PBXFileReference; lastKnownFileType = sourcecode.swift; path = RoutinesListView.swift; sourceTree = "<group>"; };
		91DCAF33CE692D24ADFD61D4 /* AddExerciseToRoutineSheet.swift */ = {isa = PBXFileReference; lastKnownFileType = sourcecode.swift; path = AddExerciseToRoutineSheet.swift; sourceTree = "<group>"; };
		9248613D1E12C25BACB3F23F /* Info.plist */ = {isa = PBXFileReference; lastKnownFileType = text.plist; path = Info.plist; sourceTree = "<group>"; };
		A2990C4C02EEC369167D3777 /* GymLogApp.swift */ = {isa = PBXFileReference; lastKnownFileType = sourcecode.swift; path = GymLogApp.swift; sourceTree = "<group>"; };
		A573701ADD0E291F5D9F4C2D /* AppRoute.swift */ = {isa = PBXFileReference; lastKnownFileType = sourcecode.swift; path = AppRoute.swift; sourceTree = "<group>"; };
		A9C1731F4FFD93BEC3DFB413 /* Secrets.xcconfig */ = {isa = PBXFileReference; lastKnownFileType = text.xcconfig; path = Secrets.xcconfig; sourceTree = "<group>"; };
		B30A6CA5A93974E8B0B8A373 /* ExerciseLogController.swift */ = {isa = PBXFileReference; lastKnownFileType = sourcecode.swift; path = ExerciseLogController.swift; sourceTree = "<group>"; };
		BC2D28CA49B205D2877BA1E3 /* HistoryEntryView.swift */ = {isa = PBXFileReference; lastKnownFileType = sourcecode.swift; path = HistoryEntryView.swift; sourceTree = "<group>"; };
		CCE5B7C8A9F6B7C1A069590B /* Models.swift */ = {isa = PBXFileReference; lastKnownFileType = sourcecode.swift; path = Models.swift; sourceTree = "<group>"; };
		DA5809607ADFF55B5DD6A829 /* GymLogSmokeTests.swift */ = {isa = PBXFileReference; lastKnownFileType = sourcecode.swift; path = GymLogSmokeTests.swift; sourceTree = "<group>"; };
		DB44D8A4B504C209EE230997 /* ExerciseLibraryView.swift */ = {isa = PBXFileReference; lastKnownFileType = sourcecode.swift; path = ExerciseLibraryView.swift; sourceTree = "<group>"; };
		DEC4184E2246AC596DE951FB /* NewExerciseView.swift */ = {isa = PBXFileReference; lastKnownFileType = sourcecode.swift; path = NewExerciseView.swift; sourceTree = "<group>"; };
		DF6D20D3F25C2F96BB901301 /* RootView.swift */ = {isa = PBXFileReference; lastKnownFileType = sourcecode.swift; path = RootView.swift; sourceTree = "<group>"; };
		FF1DE01E833528FC1C5E9D87 /* GymLog.app */ = {isa = PBXFileReference; includeInIndex = 0; lastKnownFileType = wrapper.application; path = GymLog.app; sourceTree = BUILT_PRODUCTS_DIR; };
/* End PBXFileReference section */

/* Begin PBXFrameworksBuildPhase section */
		46078353B47DDDFA391D9C40 /* Frameworks */ = {
			isa = PBXFrameworksBuildPhase;
			buildActionMask = 2147483647;
			files = (
				F4285B49C9E4DA69ADF51456 /* Supabase in Frameworks */,
			);
			runOnlyForDeploymentPostprocessing = 0;
		};
/* End PBXFrameworksBuildPhase section */

/* Begin PBXGroup section */
		1E79CF4A91A6362D4F565AEF = {
			isa = PBXGroup;
			children = (
				91CFDAFAA9EF176C34A3A253 /* GymLog */,
				E04563207FA7D97087EACFB5 /* Sources */,
				45CC151804F1AC6AD1B6C42A /* UITests */,
				34BD467E8B122849F21D54BE /* Products */,
			);
			sourceTree = "<group>";
		};
		34BD467E8B122849F21D54BE /* Products */ = {
			isa = PBXGroup;
			children = (
				FF1DE01E833528FC1C5E9D87 /* GymLog.app */,
				84C6A4A9793B4AE729076DB1 /* GymLogUITests.xctest */,
			);
			name = Products;
			sourceTree = "<group>";
		};
		45CC151804F1AC6AD1B6C42A /* UITests */ = {
			isa = PBXGroup;
			children = (
				DA5809607ADFF55B5DD6A829 /* GymLogSmokeTests.swift */,
			);
			path = UITests;
			sourceTree = "<group>";
		};
		4B1BF4BCC90B7F041134722C /* Data */ = {
			isa = PBXGroup;
			children = (
				CCE5B7C8A9F6B7C1A069590B /* Models.swift */,
				25D5D96665ED8CB69CC06F0C /* RoutineLetter.swift */,
				80D2CBF540BF066276DABAAE /* SupabaseService.swift */,
			);
			path = Data;
			sourceTree = "<group>";
		};
		91CFDAFAA9EF176C34A3A253 /* GymLog */ = {
			isa = PBXGroup;
			children = (
				A9C1731F4FFD93BEC3DFB413 /* Secrets.xcconfig */,
			);
			name = GymLog;
			path = .;
			sourceTree = "<group>";
		};
		E04563207FA7D97087EACFB5 /* Sources */ = {
			isa = PBXGroup;
			children = (
				4A96511255767956A18755A5 /* Assets.xcassets */,
				A2990C4C02EEC369167D3777 /* GymLogApp.swift */,
				9248613D1E12C25BACB3F23F /* Info.plist */,
				FCC2280955274584F6D9B0F0 /* Components */,
				4B1BF4BCC90B7F041134722C /* Data */,
				E504874238B6C88452C7A3AE /* Views */,
			);
			path = Sources;
			sourceTree = "<group>";
		};
		E504874238B6C88452C7A3AE /* Views */ = {
			isa = PBXGroup;
			children = (
				A573701ADD0E291F5D9F4C2D /* AppRoute.swift */,
				50A267584A3DC4AD30E1B89F /* ExerciseDetailView.swift */,
				DB44D8A4B504C209EE230997 /* ExerciseLibraryView.swift */,
				DEC4184E2246AC596DE951FB /* NewExerciseView.swift */,
				DF6D20D3F25C2F96BB901301 /* RootView.swift */,
				3C1981447FB06EEEFB0338B0 /* RoutineDetailView.swift */,
				8E8632E2FD7E016C12D979A3 /* RoutinesListView.swift */,
				1236F9C7761F4DA2F489005E /* WorkoutSessionView.swift */,
			);
			path = Views;
			sourceTree = "<group>";
		};
		FCC2280955274584F6D9B0F0 /* Components */ = {
			isa = PBXGroup;
			children = (
				91DCAF33CE692D24ADFD61D4 /* AddExerciseToRoutineSheet.swift */,
				4D654E84FA55E83793E7499D /* AssignExercisePickerView.swift */,
				B30A6CA5A93974E8B0B8A373 /* ExerciseLogController.swift */,
				2F7BFCFC533A3E6B46CF23ED /* ExerciseLoggingViews.swift */,
				BC2D28CA49B205D2877BA1E3 /* HistoryEntryView.swift */,
				54969D4ADBF373F716324638 /* Styles.swift */,
			);
			path = Components;
			sourceTree = "<group>";
		};
/* End PBXGroup section */

/* Begin PBXNativeTarget section */
		EC064241B42D4BDD007A00BD /* GymLogUITests */ = {
			isa = PBXNativeTarget;
			buildConfigurationList = A67D5FE736C65A026B603E70 /* Build configuration list for PBXNativeTarget "GymLogUITests" */;
			buildPhases = (
				6ED97EC58930B7837B9590B1 /* Sources */,
			);
			buildRules = (
			);
			dependencies = (
				19320BB443EA9C4A88AEE03E /* PBXTargetDependency */,
			);
			name = GymLogUITests;
			packageProductDependencies = (
			);
			productName = GymLogUITests;
			productReference = 84C6A4A9793B4AE729076DB1 /* GymLogUITests.xctest */;
			productType = "com.apple.product-type.bundle.ui-testing";
		};
		F3E1764F4BC6D867599A372E /* GymLog */ = {
			isa = PBXNativeTarget;
			buildConfigurationList = B82AC5F1C6EE4FE63FE1FBD9 /* Build configuration list for PBXNativeTarget "GymLog" */;
			buildPhases = (
				5029C39FB53EEBF114BF6419 /* Sources */,
				6136C586D827F6A41446FFEC /* Resources */,
				46078353B47DDDFA391D9C40 /* Frameworks */,
			);
			buildRules = (
			);
			dependencies = (
			);
			name = GymLog;
			packageProductDependencies = (
				ACD3DD01F94112DFCD56FCE2 /* Supabase */,
			);
			productName = GymLog;
			productReference = FF1DE01E833528FC1C5E9D87 /* GymLog.app */;
			productType = "com.apple.product-type.application";
		};
/* End PBXNativeTarget section */

/* Begin PBXProject section */
		603D7722CBD262630C74AE51 /* Project object */ = {
			isa = PBXProject;
			attributes = {
				BuildIndependentTargetsInParallel = YES;
				LastUpgradeCheck = 1430;
				TargetAttributes = {
					EC064241B42D4BDD007A00BD = {
						DevelopmentTeam = 5BWXZ738L7;
						ProvisioningStyle = Automatic;
						TestTargetID = F3E1764F4BC6D867599A372E;
					};
					F3E1764F4BC6D867599A372E = {
						DevelopmentTeam = 4J8529PB76;
						ProvisioningStyle = Automatic;
					};
				};
			};
			buildConfigurationList = 1A1FD769F16AFB936057A37F /* Build configuration list for PBXProject "GymLog" */;
			developmentRegion = en;
			hasScannedForEncodings = 0;
			knownRegions = (
				Base,
				en,
			);
			mainGroup = 1E79CF4A91A6362D4F565AEF;
			minimizedProjectReferenceProxies = 1;
			packageReferences = (
				C290EC67F69F08372858D475 /* XCRemoteSwiftPackageReference "supabase-swift" */,
			);
			preferredProjectObjectVersion = 77;
			productRefGroup = 34BD467E8B122849F21D54BE /* Products */;
			projectDirPath = "";
			projectRoot = "";
			targets = (
				F3E1764F4BC6D867599A372E /* GymLog */,
				EC064241B42D4BDD007A00BD /* GymLogUITests */,
			);
		};
/* End PBXProject section */

/* Begin PBXResourcesBuildPhase section */
		6136C586D827F6A41446FFEC /* Resources */ = {
			isa = PBXResourcesBuildPhase;
			buildActionMask = 2147483647;
			files = (
				ED910433598F1E0697A01A6F /* Assets.xcassets in Resources */,
			);
			runOnlyForDeploymentPostprocessing = 0;
		};
/* End PBXResourcesBuildPhase section */

/* Begin PBXSourcesBuildPhase section */
		5029C39FB53EEBF114BF6419 /* Sources */ = {
			isa = PBXSourcesBuildPhase;
			buildActionMask = 2147483647;
			files = (
				16BF14ECD0CC43E488B99F55 /* AddExerciseToRoutineSheet.swift in Sources */,
				039748CCA76EA3C6405A2068 /* AppRoute.swift in Sources */,
				B7975610BEA14C15172EAA20 /* AssignExercisePickerView.swift in Sources */,
				4A89A71895AA33FCE1D66169 /* ExerciseDetailView.swift in Sources */,
				3455B777E9131FC70202DA37 /* ExerciseLibraryView.swift in Sources */,
				1E3126C4196BFC6871A8DD02 /* ExerciseLogController.swift in Sources */,
				E272DE6FA6C57CD27C93D295 /* ExerciseLoggingViews.swift in Sources */,
				9346B9D39D5F1CE11DA63F09 /* GymLogApp.swift in Sources */,
				C539B01B5DEB1E9303977B97 /* HistoryEntryView.swift in Sources */,
				A2778F8D0F4C5EC14CCC5EA9 /* Models.swift in Sources */,
				07889FF7A324C01FF785908B /* NewExerciseView.swift in Sources */,
				1C8FF87B3AFED37AFF9FFEF5 /* RootView.swift in Sources */,
				B0BF6F2C71532DFA58A365B6 /* RoutineDetailView.swift in Sources */,
				A4DE49DD1D5D75BD5D027328 /* RoutineLetter.swift in Sources */,
				82FB4FEAC4A1A668607AFCB6 /* RoutinesListView.swift in Sources */,
				94EF6F1BD74D472FB701D556 /* Styles.swift in Sources */,
				57B02890F55D8F6FBEADB7D0 /* SupabaseService.swift in Sources */,
				3A39B646A246872CFC5F52A6 /* WorkoutSessionView.swift in Sources */,
			);
			runOnlyForDeploymentPostprocessing = 0;
		};
		6ED97EC58930B7837B9590B1 /* Sources */ = {
			isa = PBXSourcesBuildPhase;
			buildActionMask = 2147483647;
			files = (
				A24B4F0135484F44D2B913E7 /* GymLogSmokeTests.swift in Sources */,
			);
			runOnlyForDeploymentPostprocessing = 0;
		};
/* End PBXSourcesBuildPhase section */

/* Begin PBXTargetDependency section */
		19320BB443EA9C4A88AEE03E /* PBXTargetDependency */ = {
			isa = PBXTargetDependency;
			target = F3E1764F4BC6D867599A372E /* GymLog */;
			targetProxy = 40D34CCB8A7649F99DEEF782 /* PBXContainerItemProxy */;
		};
/* End PBXTargetDependency section */

/* Begin XCBuildConfiguration section */
		79136F8E896E32BBA33A00D0 /* Debug */ = {
			isa = XCBuildConfiguration;
			buildSettings = {
				ASSETCATALOG_COMPILER_APPICON_NAME = AppIcon;
				ASSETCATALOG_COMPILER_GLOBAL_ACCENT_COLOR_NAME = AccentColor;
				CODE_SIGN_IDENTITY = "iPhone Developer";
				CODE_SIGN_STYLE = Automatic;
				DEVELOPMENT_TEAM = 4J8529PB76;
				INFOPLIST_FILE = Sources/Info.plist;
				LD_RUNPATH_SEARCH_PATHS = (
					"$(inherited)",
					"@executable_path/Frameworks",
				);
				PRODUCT_BUNDLE_IDENTIFIER = com.nikhilnathwani.gymlog;
				SDKROOT = iphoneos;
				SWIFT_VERSION = 5.0;
				TARGETED_DEVICE_FAMILY = 1;
			};
			name = Debug;
		};
		8544F27674DE620614CF3E0B /* Release */ = {
			isa = XCBuildConfiguration;
			buildSettings = {
				ASSETCATALOG_COMPILER_APPICON_NAME = AppIcon;
				ASSETCATALOG_COMPILER_GLOBAL_ACCENT_COLOR_NAME = AccentColor;
				CODE_SIGN_IDENTITY = "iPhone Developer";
				CODE_SIGN_STYLE = Automatic;
				DEVELOPMENT_TEAM = 4J8529PB76;
				INFOPLIST_FILE = Sources/Info.plist;
				LD_RUNPATH_SEARCH_PATHS = (
					"$(inherited)",
					"@executable_path/Frameworks",
				);
				PRODUCT_BUNDLE_IDENTIFIER = com.nikhilnathwani.gymlog;
				SDKROOT = iphoneos;
				SWIFT_VERSION = 5.0;
				TARGETED_DEVICE_FAMILY = 1;
			};
			name = Release;
		};
		BB78277A682D8ECCBDA491C8 /* Debug */ = {
			isa = XCBuildConfiguration;
			baseConfigurationReference = A9C1731F4FFD93BEC3DFB413 /* Secrets.xcconfig */;
			buildSettings = {
				ALWAYS_SEARCH_USER_PATHS = NO;
				CLANG_ANALYZER_NONNULL = YES;
				CLANG_ANALYZER_NUMBER_OBJECT_CONVERSION = YES_AGGRESSIVE;
				CLANG_CXX_LANGUAGE_STANDARD = "gnu++14";
				CLANG_CXX_LIBRARY = "libc++";
				CLANG_ENABLE_MODULES = YES;
				CLANG_ENABLE_OBJC_ARC = YES;
				CLANG_ENABLE_OBJC_WEAK = YES;
				CLANG_WARN_BLOCK_CAPTURE_AUTORELEASING = YES;
				CLANG_WARN_BOOL_CONVERSION = YES;
				CLANG_WARN_COMMA = YES;
				CLANG_WARN_CONSTANT_CONVERSION = YES;
				CLANG_WARN_DEPRECATED_OBJC_IMPLEMENTATIONS = YES;
				CLANG_WARN_DIRECT_OBJC_ISA_USAGE = YES_ERROR;
				CLANG_WARN_DOCUMENTATION_COMMENTS = YES;
				CLANG_WARN_EMPTY_BODY = YES;
				CLANG_WARN_ENUM_CONVERSION = YES;
				CLANG_WARN_INFINITE_RECURSION = YES;
				CLANG_WARN_INT_CONVERSION = YES;
				CLANG_WARN_NON_LITERAL_NULL_CONVERSION = YES;
				CLANG_WARN_OBJC_IMPLICIT_RETAIN_SELF = YES;
				CLANG_WARN_OBJC_LITERAL_CONVERSION = YES;
				CLANG_WARN_OBJC_ROOT_CLASS = YES_ERROR;
				CLANG_WARN_QUOTED_INCLUDE_IN_FRAMEWORK_HEADER = YES;
				CLANG_WARN_RANGE_LOOP_ANALYSIS = YES;
				CLANG_WARN_STRICT_PROTOTYPES = YES;
				CLANG_WARN_SUSPICIOUS_MOVE = YES;
				CLANG_WARN_UNGUARDED_AVAILABILITY = YES_AGGRESSIVE;
				CLANG_WARN_UNREACHABLE_CODE = YES;
				CLANG_WARN__DUPLICATE_METHOD_MATCH = YES;
				COPY_PHASE_STRIP = NO;
				DEBUG_INFORMATION_FORMAT = dwarf;
				ENABLE_STRICT_OBJC_MSGSEND = YES;
				ENABLE_TESTABILITY = YES;
				GCC_C_LANGUAGE_STANDARD = gnu11;
				GCC_DYNAMIC_NO_PIC = NO;
				GCC_NO_COMMON_BLOCKS = YES;
				GCC_OPTIMIZATION_LEVEL = 0;
				GCC_PREPROCESSOR_DEFINITIONS = (
					"$(inherited)",
					"DEBUG=1",
				);
				GCC_WARN_64_TO_32_BIT_CONVERSION = YES;
				GCC_WARN_ABOUT_RETURN_TYPE = YES_ERROR;
				GCC_WARN_UNDECLARED_SELECTOR = YES;
				GCC_WARN_UNINITIALIZED_AUTOS = YES_AGGRESSIVE;
				GCC_WARN_UNUSED_FUNCTION = YES;
				GCC_WARN_UNUSED_VARIABLE = YES;
				IPHONEOS_DEPLOYMENT_TARGET = 17.0;
				MTL_ENABLE_DEBUG_INFO = INCLUDE_SOURCE;
				MTL_FAST_MATH = YES;
				ONLY_ACTIVE_ARCH = YES;
				PRODUCT_NAME = "$(TARGET_NAME)";
				SDKROOT = iphoneos;
				SWIFT_ACTIVE_COMPILATION_CONDITIONS = DEBUG;
				SWIFT_OPTIMIZATION_LEVEL = "-Onone";
				SWIFT_VERSION = 5.0;
			};
			name = Debug;
		};
		D18E66FA585C43E3628631F0 /* Release */ = {
			isa = XCBuildConfiguration;
			buildSettings = {
				BUNDLE_LOADER = "$(TEST_HOST)";
				CODE_SIGN_STYLE = Automatic;
				DEVELOPMENT_TEAM = 5BWXZ738L7;
				GENERATE_INFOPLIST_FILE = YES;
				LD_RUNPATH_SEARCH_PATHS = (
					"$(inherited)",
					"@executable_path/Frameworks",
					"@loader_path/Frameworks",
				);
				PRODUCT_BUNDLE_IDENTIFIER = com.nikhilnathwani.gymlog.uitests;
				SDKROOT = iphoneos;
				SWIFT_VERSION = 5.0;
				TARGETED_DEVICE_FAMILY = "1,2";
				TEST_TARGET_NAME = GymLog;
			};
			name = Release;
		};
		E3A980AD89F239A03F8BFDD0 /* Debug */ = {
			isa = XCBuildConfiguration;
			buildSettings = {
				BUNDLE_LOADER = "$(TEST_HOST)";
				CODE_SIGN_STYLE = Automatic;
				DEVELOPMENT_TEAM = 5BWXZ738L7;
				GENERATE_INFOPLIST_FILE = YES;
				LD_RUNPATH_SEARCH_PATHS = (
					"$(inherited)",
					"@executable_path/Frameworks",
					"@loader_path/Frameworks",
				);
				PRODUCT_BUNDLE_IDENTIFIER = com.nikhilnathwani.gymlog.uitests;
				SDKROOT = iphoneos;
				SWIFT_VERSION = 5.0;
				TARGETED_DEVICE_FAMILY = "1,2";
				TEST_TARGET_NAME = GymLog;
			};
			name = Debug;
		};
		F2D5228BB185D499760C596C /* Release */ = {
			isa = XCBuildConfiguration;
			baseConfigurationReference = A9C1731F4FFD93BEC3DFB413 /* Secrets.xcconfig */;
			buildSettings = {
				ALWAYS_SEARCH_USER_PATHS = NO;
				CLANG_ANALYZER_NONNULL = YES;
				CLANG_ANALYZER_NUMBER_OBJECT_CONVERSION = YES_AGGRESSIVE;
				CLANG_CXX_LANGUAGE_STANDARD = "gnu++14";
				CLANG_CXX_LIBRARY = "libc++";
				CLANG_ENABLE_MODULES = YES;
				CLANG_ENABLE_OBJC_ARC = YES;
				CLANG_ENABLE_OBJC_WEAK = YES;
				CLANG_WARN_BLOCK_CAPTURE_AUTORELEASING = YES;
				CLANG_WARN_BOOL_CONVERSION = YES;
				CLANG_WARN_COMMA = YES;
				CLANG_WARN_CONSTANT_CONVERSION = YES;
				CLANG_WARN_DEPRECATED_OBJC_IMPLEMENTATIONS = YES;
				CLANG_WARN_DIRECT_OBJC_ISA_USAGE = YES_ERROR;
				CLANG_WARN_DOCUMENTATION_COMMENTS = YES;
				CLANG_WARN_EMPTY_BODY = YES;
				CLANG_WARN_ENUM_CONVERSION = YES;
				CLANG_WARN_INFINITE_RECURSION = YES;
				CLANG_WARN_INT_CONVERSION = YES;
				CLANG_WARN_NON_LITERAL_NULL_CONVERSION = YES;
				CLANG_WARN_OBJC_IMPLICIT_RETAIN_SELF = YES;
				CLANG_WARN_OBJC_LITERAL_CONVERSION = YES;
				CLANG_WARN_OBJC_ROOT_CLASS = YES_ERROR;
				CLANG_WARN_QUOTED_INCLUDE_IN_FRAMEWORK_HEADER = YES;
				CLANG_WARN_RANGE_LOOP_ANALYSIS = YES;
				CLANG_WARN_STRICT_PROTOTYPES = YES;
				CLANG_WARN_SUSPICIOUS_MOVE = YES;
				CLANG_WARN_UNGUARDED_AVAILABILITY = YES_AGGRESSIVE;
				CLANG_WARN_UNREACHABLE_CODE = YES;
				CLANG_WARN__DUPLICATE_METHOD_MATCH = YES;
				COPY_PHASE_STRIP = NO;
				DEBUG_INFORMATION_FORMAT = "dwarf-with-dsym";
				ENABLE_NS_ASSERTIONS = NO;
				ENABLE_STRICT_OBJC_MSGSEND = YES;
				GCC_C_LANGUAGE_STANDARD = gnu11;
				GCC_NO_COMMON_BLOCKS = YES;
				GCC_WARN_64_TO_32_BIT_CONVERSION = YES;
				GCC_WARN_ABOUT_RETURN_TYPE = YES_ERROR;
				GCC_WARN_UNDECLARED_SELECTOR = YES;
				GCC_WARN_UNINITIALIZED_AUTOS = YES_AGGRESSIVE;
				GCC_WARN_UNUSED_FUNCTION = YES;
				GCC_WARN_UNUSED_VARIABLE = YES;
				IPHONEOS_DEPLOYMENT_TARGET = 17.0;
				MTL_ENABLE_DEBUG_INFO = NO;
				MTL_FAST_MATH = YES;
				PRODUCT_NAME = "$(TARGET_NAME)";
				SDKROOT = iphoneos;
				SWIFT_COMPILATION_MODE = wholemodule;
				SWIFT_OPTIMIZATION_LEVEL = "-O";
				SWIFT_VERSION = 5.0;
			};
			name = Release;
		};
/* End XCBuildConfiguration section */

/* Begin XCConfigurationList section */
		1A1FD769F16AFB936057A37F /* Build configuration list for PBXProject "GymLog" */ = {
			isa = XCConfigurationList;
			buildConfigurations = (
				BB78277A682D8ECCBDA491C8 /* Debug */,
				F2D5228BB185D499760C596C /* Release */,
			);
			defaultConfigurationIsVisible = 0;
			defaultConfigurationName = Debug;
		};
		A67D5FE736C65A026B603E70 /* Build configuration list for PBXNativeTarget "GymLogUITests" */ = {
			isa = XCConfigurationList;
			buildConfigurations = (
				E3A980AD89F239A03F8BFDD0 /* Debug */,
				D18E66FA585C43E3628631F0 /* Release */,
			);
			defaultConfigurationIsVisible = 0;
			defaultConfigurationName = Debug;
		};
		B82AC5F1C6EE4FE63FE1FBD9 /* Build configuration list for PBXNativeTarget "GymLog" */ = {
			isa = XCConfigurationList;
			buildConfigurations = (
				79136F8E896E32BBA33A00D0 /* Debug */,
				8544F27674DE620614CF3E0B /* Release */,
			);
			defaultConfigurationIsVisible = 0;
			defaultConfigurationName = Debug;
		};
/* End XCConfigurationList section */

/* Begin XCRemoteSwiftPackageReference section */
		C290EC67F69F08372858D475 /* XCRemoteSwiftPackageReference "supabase-swift" */ = {
			isa = XCRemoteSwiftPackageReference;
			repositoryURL = "https://github.com/supabase/supabase-swift";
			requirement = {
				kind = upToNextMajorVersion;
				minimumVersion = 2.53.0;
			};
		};
/* End XCRemoteSwiftPackageReference section */

/* Begin XCSwiftPackageProductDependency section */
		ACD3DD01F94112DFCD56FCE2 /* Supabase */ = {
			isa = XCSwiftPackageProductDependency;
			package = C290EC67F69F08372858D475 /* XCRemoteSwiftPackageReference "supabase-swift" */;
			productName = Supabase;
		};
/* End XCSwiftPackageProductDependency section */
	};
	rootObject = 603D7722CBD262630C74AE51 /* Project object */;
}
